
Microsoft Visual Studio Solution File, Format Version 12.00
# Visual Studio Version 17
VisualStudioVersion = 17.14.36717.8
MinimumVisualStudioVersion = 10.0.40219.1
Project("{FAE04EC0-301F-11D3-BF4B-00C04F79EFBC}") = "UnistreamTest", "UnistreamTest\UnistreamTest.csproj", "{E4B0032D-5EB7-4431-999A-42C8F17DE399}"
EndProject
Project("{FAE04EC0-301F-11D3-BF4B-00C04F79EFBC}") = "UnistreamTest.UnitTests", "UnistreamTest.UnitTests\UnistreamTest.UnitTests.csproj", "{C358CF27-DFB0-4EA6-920B-1456E752F873}"
EndProject
Global
	GlobalSection(SolutionConfigurationPlatforms) = preSolution
		Debug|Any CPU = Debug|Any CPU
		Release|Any CPU = Release|Any CPU
	EndGlobalSection
	GlobalSection(ProjectConfigurationPlatforms) = postSolution
		{E4B0032D-5EB7-4431-999A-42C8F17DE399}.Debug|Any CPU.ActiveCfg = Debug|Any CPU
		{E4B0032D-5EB7-4431-999A-42C8F17DE399}.Debug|Any CPU.Build.0 = Debug|Any CPU
		{E4B0032D-5EB7-4431-999A-42C8F17DE399}.Release|Any CPU.ActiveCfg = Release|Any CPU
		{E4B0032D-5EB7-4431-999A-42C8F17DE399}.Release|Any CPU.Build.0 = Release|Any CPU
		{C358CF27-DFB0-4EA6-920B-1456E752F873}.Debug|Any CPU.ActiveCfg = Debug|Any CPU
		{C358CF27-DFB0-4EA6-920B-1456E752F873}.Debug|Any CPU.Build.0 = Debug|Any CPU
		{C358CF27-DFB0-4EA6-920B-1456E752F873}.Release|Any CPU.ActiveCfg = Release|Any CPU
		{C358CF27-DFB0-4EA6-920B-1456E752F873}.Release|Any CPU.Build.0 = Release|Any CPU
	EndGlobalSection
	GlobalSection(SolutionProperties) = preSolution
		HideSolutionNode = FALSE
	EndGlobalSection
	GlobalSection(ExtensibilityGlobals) = postSolution
		SolutionGuid = {A9DE4088-DA69-4BA4-9BD6-FF63C28DB985}
	EndGlobalSection
EndGlobal
